
Microsoft Visual Studio Solution File, Format Version 12.00
# Visual Studio Version 17
VisualStudioVersion = 17.12.35527.113
MinimumVisualStudioVersion = 10.0.40219.1
Project("{2150E333-8FDC-42A3-9474-1A3956D46DE8}") = "src", "src", "{6C8F32CC-FC91-4278-BC67-183D8DAD8340}"
EndProject
Project("{2150E333-8FDC-42A3-9474-1A3956D46DE8}") = "test", "test", "{B592DBCF-9B18-485B-B8AD-6C3E3374FE62}"
EndProject
Project("{2150E333-8FDC-42A3-9474-1A3956D46DE8}") = "UI", "UI", "{D565A8FA-E052-4F9C-9BE0-ABAC7E3E40A0}"
EndProject
Project("{2150E333-8FDC-42A3-9474-1A3956D46DE8}") = "Core", "Core", "{0D35366D-7C0D-431E-8FF8-681B39B7FFC2}"
EndProject
Project("{2150E333-8FDC-42A3-9474-1A3956D46DE8}") = "API", "API", "{5EF9FA5F-9F98-47CA-94EE-CA32841709EA}"
EndProject
Project("{2150E333-8FDC-42A3-9474-1A3956D46DE8}") = "Infrastructure", "Infrastructure", "{DBAFB755-4A89-4A39-9EE8-7998F1EAFD67}"
EndProject
Project("{FAE04EC0-301F-11D3-BF4B-00C04F79EFBC}") = "HRManagement.Domain", "HRManagement.Domain\HRManagement.Domain.csproj", "{33CE48EB-D324-46F0-BF42-E0C8EF460D62}"
EndProject
Project("{FAE04EC0-301F-11D3-BF4B-00C04F79EFBC}") = "HRManagement.Application", "HRManagement.Application\HRManagement.Application.csproj", "{3D442B26-6D2A-4E78-BBF5-558FAF3BB56B}"
EndProject
Project("{FAE04EC0-301F-11D3-BF4B-00C04F79EFBC}") = "HRManagement.Persistence", "HRManagement.Persistence\HRManagement.Persistence.csproj", "{6A063977-DB84-4C65-AF9D-E59C63FAA28B}"
EndProject
Project("{FAE04EC0-301F-11D3-BF4B-00C04F79EFBC}") = "HRManagement.Infrastructure", "HRManagement.Infrastructure\HRManagement.Infrastructure.csproj", "{94B2E899-83D3-41A5-9174-795012A970CA}"
EndProject
Project("{FAE04EC0-301F-11D3-BF4B-00C04F79EFBC}") = "HRManagement.Api", "HRManagement.Api\HRManagement.Api.csproj", "{F85A7FB5-EB99-4DC7-8888-B8FC984B42A9}"
EndProject
Global
	GlobalSection(SolutionConfigurationPlatforms) = preSolution
		Debug|Any CPU = Debug|Any CPU
		Release|Any CPU = Release|Any CPU
	EndGlobalSection
	GlobalSection(ProjectConfigurationPlatforms) = postSolution
		{33CE48EB-D324-46F0-BF42-E0C8EF460D62}.Debug|Any CPU.ActiveCfg = Debug|Any CPU
		{33CE48EB-D324-46F0-BF42-E0C8EF460D62}.Debug|Any CPU.Build.0 = Debug|Any CPU
		{33CE48EB-D324-46F0-BF42-E0C8EF460D62}.Release|Any CPU.ActiveCfg = Release|Any CPU
		{33CE48EB-D324-46F0-BF42-E0C8EF460D62}.Release|Any CPU.Build.0 = Release|Any CPU
		{3D442B26-6D2A-4E78-BBF5-558FAF3BB56B}.Debug|Any CPU.ActiveCfg = Debug|Any CPU
		{3D442B26-6D2A-4E78-BBF5-558FAF3BB56B}.Debug|Any CPU.Build.0 = Debug|Any CPU
		{3D442B26-6D2A-4E78-BBF5-558FAF3BB56B}.Release|Any CPU.ActiveCfg = Release|Any CPU
		{3D442B26-6D2A-4E78-BBF5-558FAF3BB56B}.Release|Any CPU.Build.0 = Release|Any CPU
		{6A063977-DB84-4C65-AF9D-E59C63FAA28B}.Debug|Any CPU.ActiveCfg = Debug|Any CPU
		{6A063977-DB84-4C65-AF9D-E59C63FAA28B}.Debug|Any CPU.Build.0 = Debug|Any CPU
		{6A063977-DB84-4C65-AF9D-E59C63FAA28B}.Release|Any CPU.ActiveCfg = Release|Any CPU
		{6A063977-DB84-4C65-AF9D-E59C63FAA28B}.Release|Any CPU.Build.0 = Release|Any CPU
		{94B2E899-83D3-41A5-9174-795012A970CA}.Debug|Any CPU.ActiveCfg = Debug|Any CPU
		{94B2E899-83D3-41A5-9174-795012A970CA}.Debug|Any CPU.Build.0 = Debug|Any CPU
		{94B2E899-83D3-41A5-9174-795012A970CA}.Release|Any CPU.ActiveCfg = Release|Any CPU
		{94B2E899-83D3-41A5-9174-795012A970CA}.Release|Any CPU.Build.0 = Release|Any CPU
		{F85A7FB5-EB99-4DC7-8888-B8FC984B42A9}.Debug|Any CPU.ActiveCfg = Debug|Any CPU
		{F85A7FB5-EB99-4DC7-8888-B8FC984B42A9}.Debug|Any CPU.Build.0 = Debug|Any CPU
		{F85A7FB5-EB99-4DC7-8888-B8FC984B42A9}.Release|Any CPU.ActiveCfg = Release|Any CPU
		{F85A7FB5-EB99-4DC7-8888-B8FC984B42A9}.Release|Any CPU.Build.0 = Release|Any CPU
	EndGlobalSection
	GlobalSection(SolutionProperties) = preSolution
		HideSolutionNode = FALSE
	EndGlobalSection
	GlobalSection(NestedProjects) = preSolution
		{D565A8FA-E052-4F9C-9BE0-ABAC7E3E40A0} = {6C8F32CC-FC91-4278-BC67-183D8DAD8340}
		{0D35366D-7C0D-431E-8FF8-681B39B7FFC2} = {6C8F32CC-FC91-4278-BC67-183D8DAD8340}
		{5EF9FA5F-9F98-47CA-94EE-CA32841709EA} = {6C8F32CC-FC91-4278-BC67-183D8DAD8340}
		{DBAFB755-4A89-4A39-9EE8-7998F1EAFD67} = {6C8F32CC-FC91-4278-BC67-183D8DAD8340}
		{33CE48EB-D324-46F0-BF42-E0C8EF460D62} = {0D35366D-7C0D-431E-8FF8-681B39B7FFC2}
		{3D442B26-6D2A-4E78-BBF5-558FAF3BB56B} = {0D35366D-7C0D-431E-8FF8-681B39B7FFC2}
		{6A063977-DB84-4C65-AF9D-E59C63FAA28B} = {DBAFB755-4A89-4A39-9EE8-7998F1EAFD67}
		{94B2E899-83D3-41A5-9174-795012A970CA} = {DBAFB755-4A89-4A39-9EE8-7998F1EAFD67}
		{F85A7FB5-EB99-4DC7-8888-B8FC984B42A9} = {5EF9FA5F-9F98-47CA-94EE-CA32841709EA}
	EndGlobalSection
EndGlobal
